
Microsoft Visual Studio Solution File, Format Version 12.00
# Visual Studio 15
VisualStudioVersion = 15.0.28307.489
MinimumVisualStudioVersion = 10.0.40219.1
Project("{FAE04EC0-301F-11D3-BF4B-00C04F79EFBC}") = "GlobalX.Coding.Assessment.Sorting", "GlobalX.Coding.Assessment.Sorting\GlobalX.Coding.Assessment.Sorting.csproj", "{8759C50C-B348-4EAF-B139-C50920F6C16A}"
EndProject
Project("{FAE04EC0-301F-11D3-BF4B-00C04F79EFBC}") = "GlobalX.Coding.Assessment.Sorting.Tests", "GlobalX.Coding.Assessment.Sorting.Tests\GlobalX.Coding.Assessment.Sorting.Tests.csproj", "{B020B7DF-D8C5-4CA9-BD3E-C260FD566200}"
EndProject
Project("{2150E333-8FDC-42A3-9474-1A3956D46DE8}") = "Documentation", "Documentation", "{644C3CA7-6215-47B4-BA67-B860BC52FF7F}"
	ProjectSection(SolutionItems) = preProject
		globalx.coding.assessment.pdf = globalx.coding.assessment.pdf
		Tech Spec Document.docx = Tech Spec Document.docx
	EndProjectSection
EndProject
Global
	GlobalSection(SolutionConfigurationPlatforms) = preSolution
		Debug|Any CPU = Debug|Any CPU
		Release|Any CPU = Release|Any CPU
	EndGlobalSection
	GlobalSection(ProjectConfigurationPlatforms) = postSolution
		{8759C50C-B348-4EAF-B139-C50920F6C16A}.Debug|Any CPU.ActiveCfg = Debug|Any CPU
		{8759C50C-B348-4EAF-B139-C50920F6C16A}.Debug|Any CPU.Build.0 = Debug|Any CPU
		{8759C50C-B348-4EAF-B139-C50920F6C16A}.Release|Any CPU.ActiveCfg = Release|Any CPU
		{8759C50C-B348-4EAF-B139-C50920F6C16A}.Release|Any CPU.Build.0 = Release|Any CPU
		{B020B7DF-D8C5-4CA9-BD3E-C260FD566200}.Debug|Any CPU.ActiveCfg = Debug|Any CPU
		{B020B7DF-D8C5-4CA9-BD3E-C260FD566200}.Debug|Any CPU.Build.0 = Debug|Any CPU
		{B020B7DF-D8C5-4CA9-BD3E-C260FD566200}.Release|Any CPU.ActiveCfg = Release|Any CPU
		{B020B7DF-D8C5-4CA9-BD3E-C260FD566200}.Release|Any CPU.Build.0 = Release|Any CPU
	EndGlobalSection
	GlobalSection(SolutionProperties) = preSolution
		HideSolutionNode = FALSE
	EndGlobalSection
	GlobalSection(ExtensibilityGlobals) = postSolution
		SolutionGuid = {15FE9732-8DEC-45F2-A3EB-BE0580863577}
	EndGlobalSection
EndGlobal
